
Microsoft Visual Studio Solution File, Format Version 12.00
# Visual Studio Version 17
VisualStudioVersion = 17.7.34221.43
MinimumVisualStudioVersion = 10.0.40219.1
Project("{8BC9CEB8-8B4A-11D0-8D11-00A0C91BC942}") = "spm-dev", "spm-dev\spm-dev.vcxproj", "{343C17CF-4EB6-4708-9F6F-C1A3DA958FCB}"
EndProject
Global
	GlobalSection(SolutionConfigurationPlatforms) = preSolution
		Debug|ARM = Debug|ARM
		Debug|ARM64 = Debug|ARM64
		Debug|x64 = Debug|x64
		Debug|x86 = Debug|x86
		Release|ARM = Release|ARM
		Release|ARM64 = Release|ARM64
		Release|x64 = Release|x64
		Release|x86 = Release|x86
	EndGlobalSection
	GlobalSection(ProjectConfigurationPlatforms) = postSolution
		{343C17CF-4EB6-4708-9F6F-C1A3DA958FCB}.Debug|ARM.ActiveCfg = Debug|ARM
		{343C17CF-4EB6-4708-9F6F-C1A3DA958FCB}.Debug|ARM.Build.0 = Debug|ARM
		{343C17CF-4EB6-4708-9F6F-C1A3DA958FCB}.Debug|ARM.Deploy.0 = Debug|ARM
		{343C17CF-4EB6-4708-9F6F-C1A3DA958FCB}.Debug|ARM64.ActiveCfg = Debug|ARM64
		{343C17CF-4EB6-4708-9F6F-C1A3DA958FCB}.Debug|ARM64.Build.0 = Debug|ARM64
		{343C17CF-4EB6-4708-9F6F-C1A3DA958FCB}.Debug|ARM64.Deploy.0 = Debug|ARM64
		{343C17CF-4EB6-4708-9F6F-C1A3DA958FCB}.Debug|x64.ActiveCfg = Debug|x64
		{343C17CF-4EB6-4708-9F6F-C1A3DA958FCB}.Debug|x64.Build.0 = Debug|x64
		{343C17CF-4EB6-4708-9F6F-C1A3DA958FCB}.Debug|x64.Deploy.0 = Debug|x64
		{343C17CF-4EB6-4708-9F6F-C1A3DA958FCB}.Debug|x86.ActiveCfg = Debug|x86
		{343C17CF-4EB6-4708-9F6F-C1A3DA958FCB}.Debug|x86.Build.0 = Debug|x86
		{343C17CF-4EB6-4708-9F6F-C1A3DA958FCB}.Debug|x86.Deploy.0 = Debug|x86
		{343C17CF-4EB6-4708-9F6F-C1A3DA958FCB}.Release|ARM.ActiveCfg = Release|ARM
		{343C17CF-4EB6-4708-9F6F-C1A3DA958FCB}.Release|ARM.Build.0 = Release|ARM
		{343C17CF-4EB6-4708-9F6F-C1A3DA958FCB}.Release|ARM.Deploy.0 = Release|ARM
		{343C17CF-4EB6-4708-9F6F-C1A3DA958FCB}.Release|ARM64.ActiveCfg = Release|ARM64
		{343C17CF-4EB6-4708-9F6F-C1A3DA958FCB}.Release|ARM64.Build.0 = Release|ARM64
		{343C17CF-4EB6-4708-9F6F-C1A3DA958FCB}.Release|ARM64.Deploy.0 = Release|ARM64
		{343C17CF-4EB6-4708-9F6F-C1A3DA958FCB}.Release|x64.ActiveCfg = Release|x64
		{343C17CF-4EB6-4708-9F6F-C1A3DA958FCB}.Release|x64.Build.0 = Release|x64
		{343C17CF-4EB6-4708-9F6F-C1A3DA958FCB}.Release|x64.Deploy.0 = Release|x64
		{343C17CF-4EB6-4708-9F6F-C1A3DA958FCB}.Release|x86.ActiveCfg = Release|x86
		{343C17CF-4EB6-4708-9F6F-C1A3DA958FCB}.Release|x86.Build.0 = Release|x86
		{343C17CF-4EB6-4708-9F6F-C1A3DA958FCB}.Release|x86.Deploy.0 = Release|x86
	EndGlobalSection
	GlobalSection(SolutionProperties) = preSolution
		HideSolutionNode = FALSE
	EndGlobalSection
	GlobalSection(ExtensibilityGlobals) = postSolution
		SolutionGuid = {B0B1467E-B740-4DDD-B7D3-5F27D3D82D19}
	EndGlobalSection
EndGlobal
